
Microsoft Visual Studio Solution File, Format Version 12.00
# Visual Studio Version 17
VisualStudioVersion = 17.13.36105.23
MinimumVisualStudioVersion = 10.0.40219.1
Project("{FAE04EC0-301F-11D3-BF4B-00C04F79EFBC}") = "ConsoleInt", "ConsoleInt\ConsoleInt.csproj", "{341E919D-33B4-4389-9219-778C51AD8092}"
EndProject
Project("{FAE04EC0-301F-11D3-BF4B-00C04F79EFBC}") = "ConsoleStrings", "ConsoleStrings\ConsoleStrings.csproj", "{74F0444F-AD2B-4E7E-8656-F7FA5FBACFCB}"
EndProject
Project("{FAE04EC0-301F-11D3-BF4B-00C04F79EFBC}") = "DiceRoller", "DiceRoller\DiceRoller.csproj", "{F41D2445-F55E-4D18-9903-ED11FBCE7109}"
EndProject
Project("{FAE04EC0-301F-11D3-BF4B-00C04F79EFBC}") = "CurrencyConvertor", "CurrencyConvertor\CurrencyConvertor.csproj", "{C92BA487-E119-4B1E-B370-46A461DFA295}"
EndProject
Project("{2150E333-8FDC-42A3-9474-1A3956D46DE8}") = "Basic exercises", "Basic exercises", "{B2021892-AC79-73DB-BE4E-326EA7D34ED7}"
EndProject
Project("{2150E333-8FDC-42A3-9474-1A3956D46DE8}") = "greeter", "greeter", "{0821811A-4B8C-F97B-F9B7-6651F6C7936A}"
EndProject
Project("{FAE04EC0-301F-11D3-BF4B-00C04F79EFBC}") = "Greeter", "Basic exercises\greeter\Greeter\Greeter.csproj", "{9948D1DA-BB19-43EE-84A2-EB07ECC61F84}"
EndProject
Project("{2150E333-8FDC-42A3-9474-1A3956D46DE8}") = "BasicExercises", "BasicExercises", "{D4823FCD-81E3-0AC0-D1B5-C24378EAF918}"
EndProject
Project("{2150E333-8FDC-42A3-9474-1A3956D46DE8}") = "calculator", "calculator", "{5A7F646D-CF72-F2EE-1209-453045712DFD}"
EndProject
Project("{FAE04EC0-301F-11D3-BF4B-00C04F79EFBC}") = "calculator", "BasicExercises\calculator\calculator\calculator.csproj", "{39A7DA68-66B2-40BE-A5DB-1902110715E0}"
EndProject
Project("{FAE04EC0-301F-11D3-BF4B-00C04F79EFBC}") = "AreaCalculator", "BasicExercises\AreaCalculator\AreaCalculator.csproj", "{AFEABE73-5348-4C23-8244-137FC2D2CC14}"
EndProject
Project("{FAE04EC0-301F-11D3-BF4B-00C04F79EFBC}") = "SimpleBanking", "SimpleBanking\SimpleBanking.csproj", "{2B3F0EC3-89C8-449E-911D-C408D9FA285E}"
EndProject
Project("{2150E333-8FDC-42A3-9474-1A3956D46DE8}") = "Tougher Exercises", "Tougher Exercises", "{3A1DC663-A2FA-E914-808B-E1AB34D3A6F4}"
EndProject
Project("{FAE04EC0-301F-11D3-BF4B-00C04F79EFBC}") = "BookLibrary", "Tougher Exercises\BookLibrary\BookLibrary.csproj", "{D44672FD-1234-4C07-A3DA-F30792397434}"
EndProject
Project("{FAE04EC0-301F-11D3-BF4B-00C04F79EFBC}") = "SimpleEcomm", "Tougher Exercises\SimpleEcomm\SimpleEcomm.csproj", "{95241021-4C56-4FC7-B4ED-7B7B491107BD}"
EndProject
Global
	GlobalSection(SolutionConfigurationPlatforms) = preSolution
		Debug|Any CPU = Debug|Any CPU
		Debug|x64 = Debug|x64
		Debug|x86 = Debug|x86
		Release|Any CPU = Release|Any CPU
		Release|x64 = Release|x64
		Release|x86 = Release|x86
	EndGlobalSection
	GlobalSection(ProjectConfigurationPlatforms) = postSolution
		{341E919D-33B4-4389-9219-778C51AD8092}.Debug|Any CPU.ActiveCfg = Debug|Any CPU
		{341E919D-33B4-4389-9219-778C51AD8092}.Debug|Any CPU.Build.0 = Debug|Any CPU
		{341E919D-33B4-4389-9219-778C51AD8092}.Debug|x64.ActiveCfg = Debug|Any CPU
		{341E919D-33B4-4389-9219-778C51AD8092}.Debug|x64.Build.0 = Debug|Any CPU
		{341E919D-33B4-4389-9219-778C51AD8092}.Debug|x86.ActiveCfg = Debug|Any CPU
		{341E919D-33B4-4389-9219-778C51AD8092}.Debug|x86.Build.0 = Debug|Any CPU
		{341E919D-33B4-4389-9219-778C51AD8092}.Release|Any CPU.ActiveCfg = Release|Any CPU
		{341E919D-33B4-4389-9219-778C51AD8092}.Release|Any CPU.Build.0 = Release|Any CPU
		{341E919D-33B4-4389-9219-778C51AD8092}.Release|x64.ActiveCfg = Release|Any CPU
		{341E919D-33B4-4389-9219-778C51AD8092}.Release|x64.Build.0 = Release|Any CPU
		{341E919D-33B4-4389-9219-778C51AD8092}.Release|x86.ActiveCfg = Release|Any CPU
		{341E919D-33B4-4389-9219-778C51AD8092}.Release|x86.Build.0 = Release|Any CPU
		{74F0444F-AD2B-4E7E-8656-F7FA5FBACFCB}.Debug|Any CPU.ActiveCfg = Debug|Any CPU
		{74F0444F-AD2B-4E7E-8656-F7FA5FBACFCB}.Debug|Any CPU.Build.0 = Debug|Any CPU
		{74F0444F-AD2B-4E7E-8656-F7FA5FBACFCB}.Debug|x64.ActiveCfg = Debug|Any CPU
		{74F0444F-AD2B-4E7E-8656-F7FA5FBACFCB}.Debug|x64.Build.0 = Debug|Any CPU
		{74F0444F-AD2B-4E7E-8656-F7FA5FBACFCB}.Debug|x86.ActiveCfg = Debug|Any CPU
		{74F0444F-AD2B-4E7E-8656-F7FA5FBACFCB}.Debug|x86.Build.0 = Debug|Any CPU
		{74F0444F-AD2B-4E7E-8656-F7FA5FBACFCB}.Release|Any CPU.ActiveCfg = Release|Any CPU
		{74F0444F-AD2B-4E7E-8656-F7FA5FBACFCB}.Release|Any CPU.Build.0 = Release|Any CPU
		{74F0444F-AD2B-4E7E-8656-F7FA5FBACFCB}.Release|x64.ActiveCfg = Release|Any CPU
		{74F0444F-AD2B-4E7E-8656-F7FA5FBACFCB}.Release|x64.Build.0 = Release|Any CPU
		{74F0444F-AD2B-4E7E-8656-F7FA5FBACFCB}.Release|x86.ActiveCfg = Release|Any CPU
		{74F0444F-AD2B-4E7E-8656-F7FA5FBACFCB}.Release|x86.Build.0 = Release|Any CPU
		{F41D2445-F55E-4D18-9903-ED11FBCE7109}.Debug|Any CPU.ActiveCfg = Debug|Any CPU
		{F41D2445-F55E-4D18-9903-ED11FBCE7109}.Debug|Any CPU.Build.0 = Debug|Any CPU
		{F41D2445-F55E-4D18-9903-ED11FBCE7109}.Debug|x64.ActiveCfg = Debug|Any CPU
		{F41D2445-F55E-4D18-9903-ED11FBCE7109}.Debug|x64.Build.0 = Debug|Any CPU
		{F41D2445-F55E-4D18-9903-ED11FBCE7109}.Debug|x86.ActiveCfg = Debug|Any CPU
		{F41D2445-F55E-4D18-9903-ED11FBCE7109}.Debug|x86.Build.0 = Debug|Any CPU
		{F41D2445-F55E-4D18-9903-ED11FBCE7109}.Release|Any CPU.ActiveCfg = Release|Any CPU
		{F41D2445-F55E-4D18-9903-ED11FBCE7109}.Release|Any CPU.Build.0 = Release|Any CPU
		{F41D2445-F55E-4D18-9903-ED11FBCE7109}.Release|x64.ActiveCfg = Release|Any CPU
		{F41D2445-F55E-4D18-9903-ED11FBCE7109}.Release|x64.Build.0 = Release|Any CPU
		{F41D2445-F55E-4D18-9903-ED11FBCE7109}.Release|x86.ActiveCfg = Release|Any CPU
		{F41D2445-F55E-4D18-9903-ED11FBCE7109}.Release|x86.Build.0 = Release|Any CPU
		{C92BA487-E119-4B1E-B370-46A461DFA295}.Debug|Any CPU.ActiveCfg = Debug|Any CPU
		{C92BA487-E119-4B1E-B370-46A461DFA295}.Debug|Any CPU.Build.0 = Debug|Any CPU
		{C92BA487-E119-4B1E-B370-46A461DFA295}.Debug|x64.ActiveCfg = Debug|Any CPU
		{C92BA487-E119-4B1E-B370-46A461DFA295}.Debug|x64.Build.0 = Debug|Any CPU
		{C92BA487-E119-4B1E-B370-46A461DFA295}.Debug|x86.ActiveCfg = Debug|Any CPU
		{C92BA487-E119-4B1E-B370-46A461DFA295}.Debug|x86.Build.0 = Debug|Any CPU
		{C92BA487-E119-4B1E-B370-46A461DFA295}.Release|Any CPU.ActiveCfg = Release|Any CPU
		{C92BA487-E119-4B1E-B370-46A461DFA295}.Release|Any CPU.Build.0 = Release|Any CPU
		{C92BA487-E119-4B1E-B370-46A461DFA295}.Release|x64.ActiveCfg = Release|Any CPU
		{C92BA487-E119-4B1E-B370-46A461DFA295}.Release|x64.Build.0 = Release|Any CPU
		{C92BA487-E119-4B1E-B370-46A461DFA295}.Release|x86.ActiveCfg = Release|Any CPU
		{C92BA487-E119-4B1E-B370-46A461DFA295}.Release|x86.Build.0 = Release|Any CPU
		{9948D1DA-BB19-43EE-84A2-EB07ECC61F84}.Debug|Any CPU.ActiveCfg = Debug|Any CPU
		{9948D1DA-BB19-43EE-84A2-EB07ECC61F84}.Debug|Any CPU.Build.0 = Debug|Any CPU
		{9948D1DA-BB19-43EE-84A2-EB07ECC61F84}.Debug|x64.ActiveCfg = Debug|Any CPU
		{9948D1DA-BB19-43EE-84A2-EB07ECC61F84}.Debug|x64.Build.0 = Debug|Any CPU
		{9948D1DA-BB19-43EE-84A2-EB07ECC61F84}.Debug|x86.ActiveCfg = Debug|Any CPU
		{9948D1DA-BB19-43EE-84A2-EB07ECC61F84}.Debug|x86.Build.0 = Debug|Any CPU
		{9948D1DA-BB19-43EE-84A2-EB07ECC61F84}.Release|Any CPU.ActiveCfg = Release|Any CPU
		{9948D1DA-BB19-43EE-84A2-EB07ECC61F84}.Release|Any CPU.Build.0 = Release|Any CPU
		{9948D1DA-BB19-43EE-84A2-EB07ECC61F84}.Release|x64.ActiveCfg = Release|Any CPU
		{9948D1DA-BB19-43EE-84A2-EB07ECC61F84}.Release|x64.Build.0 = Release|Any CPU
		{9948D1DA-BB19-43EE-84A2-EB07ECC61F84}.Release|x86.ActiveCfg = Release|Any CPU
		{9948D1DA-BB19-43EE-84A2-EB07ECC61F84}.Release|x86.Build.0 = Release|Any CPU
		{39A7DA68-66B2-40BE-A5DB-1902110715E0}.Debug|Any CPU.ActiveCfg = Debug|Any CPU
		{39A7DA68-66B2-40BE-A5DB-1902110715E0}.Debug|Any CPU.Build.0 = Debug|Any CPU
		{39A7DA68-66B2-40BE-A5DB-1902110715E0}.Debug|x64.ActiveCfg = Debug|Any CPU
		{39A7DA68-66B2-40BE-A5DB-1902110715E0}.Debug|x64.Build.0 = Debug|Any CPU
		{39A7DA68-66B2-40BE-A5DB-1902110715E0}.Debug|x86.ActiveCfg = Debug|Any CPU
		{39A7DA68-66B2-40BE-A5DB-1902110715E0}.Debug|x86.Build.0 = Debug|Any CPU
		{39A7DA68-66B2-40BE-A5DB-1902110715E0}.Release|Any CPU.ActiveCfg = Release|Any CPU
		{39A7DA68-66B2-40BE-A5DB-1902110715E0}.Release|Any CPU.Build.0 = Release|Any CPU
		{39A7DA68-66B2-40BE-A5DB-1902110715E0}.Release|x64.ActiveCfg = Release|Any CPU
		{39A7DA68-66B2-40BE-A5DB-1902110715E0}.Release|x64.Build.0 = Release|Any CPU
		{39A7DA68-66B2-40BE-A5DB-1902110715E0}.Release|x86.ActiveCfg = Release|Any CPU
		{39A7DA68-66B2-40BE-A5DB-1902110715E0}.Release|x86.Build.0 = Release|Any CPU
		{AFEABE73-5348-4C23-8244-137FC2D2CC14}.Debug|Any CPU.ActiveCfg = Debug|Any CPU
		{AFEABE73-5348-4C23-8244-137FC2D2CC14}.Debug|Any CPU.Build.0 = Debug|Any CPU
		{AFEABE73-5348-4C23-8244-137FC2D2CC14}.Debug|x64.ActiveCfg = Debug|Any CPU
		{AFEABE73-5348-4C23-8244-137FC2D2CC14}.Debug|x64.Build.0 = Debug|Any CPU
		{AFEABE73-5348-4C23-8244-137FC2D2CC14}.Debug|x86.ActiveCfg = Debug|Any CPU
		{AFEABE73-5348-4C23-8244-137FC2D2CC14}.Debug|x86.Build.0 = Debug|Any CPU
		{AFEABE73-5348-4C23-8244-137FC2D2CC14}.Release|Any CPU.ActiveCfg = Release|Any CPU
		{AFEABE73-5348-4C23-8244-137FC2D2CC14}.Release|Any CPU.Build.0 = Release|Any CPU
		{AFEABE73-5348-4C23-8244-137FC2D2CC14}.Release|x64.ActiveCfg = Release|Any CPU
		{AFEABE73-5348-4C23-8244-137FC2D2CC14}.Release|x64.Build.0 = Release|Any CPU
		{AFEABE73-5348-4C23-8244-137FC2D2CC14}.Release|x86.ActiveCfg = Release|Any CPU
		{AFEABE73-5348-4C23-8244-137FC2D2CC14}.Release|x86.Build.0 = Release|Any CPU
		{2B3F0EC3-89C8-449E-911D-C408D9FA285E}.Debug|Any CPU.ActiveCfg = Debug|Any CPU
		{2B3F0EC3-89C8-449E-911D-C408D9FA285E}.Debug|Any CPU.Build.0 = Debug|Any CPU
		{2B3F0EC3-89C8-449E-911D-C408D9FA285E}.Debug|x64.ActiveCfg = Debug|Any CPU
		{2B3F0EC3-89C8-449E-911D-C408D9FA285E}.Debug|x64.Build.0 = Debug|Any CPU
		{2B3F0EC3-89C8-449E-911D-C408D9FA285E}.Debug|x86.ActiveCfg = Debug|Any CPU
		{2B3F0EC3-89C8-449E-911D-C408D9FA285E}.Debug|x86.Build.0 = Debug|Any CPU
		{2B3F0EC3-89C8-449E-911D-C408D9FA285E}.Release|Any CPU.ActiveCfg = Release|Any CPU
		{2B3F0EC3-89C8-449E-911D-C408D9FA285E}.Release|Any CPU.Build.0 = Release|Any CPU
		{2B3F0EC3-89C8-449E-911D-C408D9FA285E}.Release|x64.ActiveCfg = Release|Any CPU
		{2B3F0EC3-89C8-449E-911D-C408D9FA285E}.Release|x64.Build.0 = Release|Any CPU
		{2B3F0EC3-89C8-449E-911D-C408D9FA285E}.Release|x86.ActiveCfg = Release|Any CPU
		{2B3F0EC3-89C8-449E-911D-C408D9FA285E}.Release|x86.Build.0 = Release|Any CPU
		{D44672FD-1234-4C07-A3DA-F30792397434}.Debug|Any CPU.ActiveCfg = Debug|Any CPU
		{D44672FD-1234-4C07-A3DA-F30792397434}.Debug|Any CPU.Build.0 = Debug|Any CPU
		{D44672FD-1234-4C07-A3DA-F30792397434}.Debug|x64.ActiveCfg = Debug|Any CPU
		{D44672FD-1234-4C07-A3DA-F30792397434}.Debug|x64.Build.0 = Debug|Any CPU
		{D44672FD-1234-4C07-A3DA-F30792397434}.Debug|x86.ActiveCfg = Debug|Any CPU
		{D44672FD-1234-4C07-A3DA-F30792397434}.Debug|x86.Build.0 = Debug|Any CPU
		{D44672FD-1234-4C07-A3DA-F30792397434}.Release|Any CPU.ActiveCfg = Release|Any CPU
		{D44672FD-1234-4C07-A3DA-F30792397434}.Release|Any CPU.Build.0 = Release|Any CPU
		{D44672FD-1234-4C07-A3DA-F30792397434}.Release|x64.ActiveCfg = Release|Any CPU
		{D44672FD-1234-4C07-A3DA-F30792397434}.Release|x64.Build.0 = Release|Any CPU
		{D44672FD-1234-4C07-A3DA-F30792397434}.Release|x86.ActiveCfg = Release|Any CPU
		{D44672FD-1234-4C07-A3DA-F30792397434}.Release|x86.Build.0 = Release|Any CPU
		{95241021-4C56-4FC7-B4ED-7B7B491107BD}.Debug|Any CPU.ActiveCfg = Debug|Any CPU
		{95241021-4C56-4FC7-B4ED-7B7B491107BD}.Debug|Any CPU.Build.0 = Debug|Any CPU
		{95241021-4C56-4FC7-B4ED-7B7B491107BD}.Debug|x64.ActiveCfg = Debug|Any CPU
		{95241021-4C56-4FC7-B4ED-7B7B491107BD}.Debug|x64.Build.0 = Debug|Any CPU
		{95241021-4C56-4FC7-B4ED-7B7B491107BD}.Debug|x86.ActiveCfg = Debug|Any CPU
		{95241021-4C56-4FC7-B4ED-7B7B491107BD}.Debug|x86.Build.0 = Debug|Any CPU
		{95241021-4C56-4FC7-B4ED-7B7B491107BD}.Release|Any CPU.ActiveCfg = Release|Any CPU
		{95241021-4C56-4FC7-B4ED-7B7B491107BD}.Release|Any CPU.Build.0 = Release|Any CPU
		{95241021-4C56-4FC7-B4ED-7B7B491107BD}.Release|x64.ActiveCfg = Release|Any CPU
		{95241021-4C56-4FC7-B4ED-7B7B491107BD}.Release|x64.Build.0 = Release|Any CPU
		{95241021-4C56-4FC7-B4ED-7B7B491107BD}.Release|x86.ActiveCfg = Release|Any CPU
		{95241021-4C56-4FC7-B4ED-7B7B491107BD}.Release|x86.Build.0 = Release|Any CPU
	EndGlobalSection
	GlobalSection(SolutionProperties) = preSolution
		HideSolutionNode = FALSE
	EndGlobalSection
	GlobalSection(NestedProjects) = preSolution
		{0821811A-4B8C-F97B-F9B7-6651F6C7936A} = {B2021892-AC79-73DB-BE4E-326EA7D34ED7}
		{9948D1DA-BB19-43EE-84A2-EB07ECC61F84} = {0821811A-4B8C-F97B-F9B7-6651F6C7936A}
		{5A7F646D-CF72-F2EE-1209-453045712DFD} = {D4823FCD-81E3-0AC0-D1B5-C24378EAF918}
		{39A7DA68-66B2-40BE-A5DB-1902110715E0} = {5A7F646D-CF72-F2EE-1209-453045712DFD}
		{AFEABE73-5348-4C23-8244-137FC2D2CC14} = {D4823FCD-81E3-0AC0-D1B5-C24378EAF918}
		{D44672FD-1234-4C07-A3DA-F30792397434} = {3A1DC663-A2FA-E914-808B-E1AB34D3A6F4}
		{95241021-4C56-4FC7-B4ED-7B7B491107BD} = {3A1DC663-A2FA-E914-808B-E1AB34D3A6F4}
	EndGlobalSection
	GlobalSection(ExtensibilityGlobals) = postSolution
		SolutionGuid = {2F683EBB-F8A1-4270-ADCB-2F184556AFBD}
	EndGlobalSection
EndGlobal
